
Microsoft Visual Studio Solution File, Format Version 12.00
# Visual Studio Version 17
VisualStudioVersion = 17.9.34622.214
MinimumVisualStudioVersion = 10.0.40219.1
Project("{FAE04EC0-301F-11D3-BF4B-00C04F79EFBC}") = "WpfApp4", "WpfApp4\WpfApp4.csproj", "{1EDE15BA-BAA1-4BFE-89EA-B039BB8879DD}"
EndProject
Global
	GlobalSection(SolutionConfigurationPlatforms) = preSolution
		Debug|Any CPU = Debug|Any CPU
		Release|Any CPU = Release|Any CPU
	EndGlobalSection
	GlobalSection(ProjectConfigurationPlatforms) = postSolution
		{1EDE15BA-BAA1-4BFE-89EA-B039BB8879DD}.Debug|Any CPU.ActiveCfg = Debug|Any CPU
		{1EDE15BA-BAA1-4BFE-89EA-B039BB8879DD}.Debug|Any CPU.Build.0 = Debug|Any CPU
		{1EDE15BA-BAA1-4BFE-89EA-B039BB8879DD}.Release|Any CPU.ActiveCfg = Release|Any CPU
		{1EDE15BA-BAA1-4BFE-89EA-B039BB8879DD}.Release|Any CPU.Build.0 = Release|Any CPU
	EndGlobalSection
	GlobalSection(SolutionProperties) = preSolution
		HideSolutionNode = FALSE
	EndGlobalSection
	GlobalSection(ExtensibilityGlobals) = postSolution
		SolutionGuid = {E0DF689D-969F-414A-89E5-7D4CCE9AC735}
	EndGlobalSection
EndGlobal
